<Project xmlns="http://schemas.microsoft.com/developer/msbuild/2003">
  <PropertyGroup>
    <ProjectGuid>{889a442b-8e31-4feb-8087-02660adbab26}</ProjectGuid>
    <MainSource>ZParseSql.dpk</MainSource>
    <Configuration Condition=" '$(Configuration)' == '' ">Debug</Configuration>
    <Platform Condition=" '$(Platform)' == '' ">AnyCPU</Platform>
    <DCC_DCCCompiler>DCC32</DCC_DCCCompiler>
    <DCC_DependencyCheckOutputName>C:\Documents and Settings\All Users\Documentos\RAD Studio\5.0\Bpl\ZParseSql110.bpl</DCC_DependencyCheckOutputName>
  </PropertyGroup>
  <PropertyGroup Condition=" '$(Configuration)|$(Platform)' == 'Release|AnyCPU' ">
    <Version>7.0</Version>
    <DCC_DebugInformation>False</DCC_DebugInformation>
    <DCC_LocalDebugSymbols>False</DCC_LocalDebugSymbols>
    <DCC_IntegerOverflowCheck>True</DCC_IntegerOverflowCheck>
    <DCC_GenerateStackFrames>True</DCC_GenerateStackFrames>
    <DCC_SymbolReferenceInfo>0</DCC_SymbolReferenceInfo>
    <DCC_DcuOutput>..\..\build</DCC_DcuOutput>
    <DCC_ObjOutput>..\..\build</DCC_ObjOutput>
    <DCC_HppOutput>..\..\build</DCC_HppOutput>
    <DCC_UnitSearchPath>$(BDS)\RaveReports\Lib;$(BDS)\lib\Debug;.\..\..\..\compilerdetection</DCC_UnitSearchPath>
    <DCC_ResourcePath>$(BDS)\RaveReports\Lib;$(BDS)\lib\Debug;.\..\..\..\compilerdetection</DCC_ResourcePath>
    <DCC_ObjPath>$(BDS)\RaveReports\Lib;$(BDS)\lib\Debug;.\..\..\..\compilerdetection</DCC_ObjPath>
    <DCC_IncludePath>$(BDS)\RaveReports\Lib;$(BDS)\lib\Debug;.\..\..\..\compilerdetection</DCC_IncludePath>
    <DCC_Define>RELEASE</DCC_Define>
  </PropertyGroup>
  <PropertyGroup Condition=" '$(Configuration)|$(Platform)' == 'Debug|AnyCPU' ">
    <Version>7.0</Version>
    <DCC_IntegerOverflowCheck>True</DCC_IntegerOverflowCheck>
    <DCC_GenerateStackFrames>True</DCC_GenerateStackFrames>
    <DCC_DcuOutput>..\..\build</DCC_DcuOutput>
    <DCC_ObjOutput>..\..\build</DCC_ObjOutput>
    <DCC_HppOutput>..\..\build</DCC_HppOutput>
    <DCC_UnitSearchPath>$(BDS)\RaveReports\Lib;$(BDS)\lib\Debug;.\..\..\..\compilerdetection</DCC_UnitSearchPath>
    <DCC_ResourcePath>$(BDS)\RaveReports\Lib;$(BDS)\lib\Debug;.\..\..\..\compilerdetection</DCC_ResourcePath>
    <DCC_ObjPath>$(BDS)\RaveReports\Lib;$(BDS)\lib\Debug;.\..\..\..\compilerdetection</DCC_ObjPath>
    <DCC_IncludePath>$(BDS)\RaveReports\Lib;$(BDS)\lib\Debug;.\..\..\..\compilerdetection</DCC_IncludePath>
  </PropertyGroup>
  <ProjectExtensions>
    <Borland.Personality>Delphi.Personality</Borland.Personality>
    <Borland.ProjectType>Package</Borland.ProjectType>
    <BorlandProject>
<BorlandProject><Delphi.Personality><Parameters><Parameters Name="UseLauncher">False</Parameters><Parameters Name="LoadAllSymbols">True</Parameters><Parameters Name="LoadUnspecifiedSymbols">False</Parameters></Parameters><Package_Options><Package_Options Name="PackageDescription">Zeos SQL Parsing Classes and Interfaces</Package_Options><Package_Options Name="ImplicitBuild">False</Package_Options><Package_Options Name="DesigntimeOnly">False</Package_Options><Package_Options Name="RuntimeOnly">True</Package_Options><Package_Options Name="LibSuffix">110</Package_Options></Package_Options><VersionInfo><VersionInfo Name="IncludeVerInfo">True</VersionInfo><VersionInfo Name="AutoIncBuild">False</VersionInfo><VersionInfo Name="MajorVer">1</VersionInfo><VersionInfo Name="MinorVer">0</VersionInfo><VersionInfo Name="Release">0</VersionInfo><VersionInfo Name="Build">0</VersionInfo><VersionInfo Name="Debug">False</VersionInfo><VersionInfo Name="PreRelease">False</VersionInfo><VersionInfo Name="Special">False</VersionInfo><VersionInfo Name="Private">False</VersionInfo><VersionInfo Name="DLL">False</VersionInfo><VersionInfo Name="Locale">1031</VersionInfo><VersionInfo Name="CodePage">1252</VersionInfo></VersionInfo><VersionInfoKeys><VersionInfoKeys Name="CompanyName"></VersionInfoKeys><VersionInfoKeys Name="FileDescription"></VersionInfoKeys><VersionInfoKeys Name="FileVersion">1.0.0.0</VersionInfoKeys><VersionInfoKeys Name="InternalName"></VersionInfoKeys><VersionInfoKeys Name="LegalCopyright"></VersionInfoKeys><VersionInfoKeys Name="LegalTrademarks"></VersionInfoKeys><VersionInfoKeys Name="OriginalFilename"></VersionInfoKeys><VersionInfoKeys Name="ProductName"></VersionInfoKeys><VersionInfoKeys Name="ProductVersion">1.0.0.0</VersionInfoKeys><VersionInfoKeys Name="Comments"></VersionInfoKeys></VersionInfoKeys><Source><Source Name="MainSource">ZParseSql.dpk</Source></Source></Delphi.Personality></BorlandProject></BorlandProject>
  </ProjectExtensions>
  <Import Project="$(MSBuildBinPath)\Borland.Delphi.Targets" />
  <ItemGroup>
    <DelphiCompile Include="ZParseSql.dpk">
      <MainSource>MainSource</MainSource>
    </DelphiCompile>
    <DCCReference Include="..\..\..\..\packages\delphi11\ZCore.dcp" />
    <DCCReference Include="..\..\src\parsesql\ZGenericSqlAnalyser.pas" />
    <DCCReference Include="..\..\src\parsesql\ZGenericSqlToken.pas" />
    <DCCReference Include="..\..\src\parsesql\ZInterbaseAnalyser.pas" />
    <DCCReference Include="..\..\src\parsesql\ZInterbaseToken.pas" />
    <DCCReference Include="..\..\src\parsesql\ZMySqlAnalyser.pas" />
    <DCCReference Include="..\..\src\parsesql\ZMySqlToken.pas" />
    <DCCReference Include="..\..\src\parsesql\ZOracleAnalyser.pas" />
    <DCCReference Include="..\..\src\parsesql\ZOracleToken.pas" />
    <DCCReference Include="..\..\src\parsesql\ZPostgreSqlAnalyser.pas" />
    <DCCReference Include="..\..\src\parsesql\ZPostgreSqlToken.pas" />
    <DCCReference Include="..\..\src\parsesql\ZScriptParser.pas" />
    <DCCReference Include="..\..\src\parsesql\ZSelectSchema.pas" />
    <DCCReference Include="..\..\src\parsesql\ZSqLiteAnalyser.pas" />
    <DCCReference Include="..\..\src\parsesql\ZSqLiteToken.pas" />
    <DCCReference Include="..\..\src\parsesql\ZSybaseAnalyser.pas" />
    <DCCReference Include="..\..\src\parsesql\ZSybaseToken.pas" />
  </ItemGroup>
</Project>