<?xml version="1.0" encoding="UTF-8"?>
<CONFIG>
  <ProjectOptions>
    <Version Value="12"/>
    <PathDelim Value="\"/>
    <General>
      <SessionStorage Value="InProjectDir"/>
      <Title Value="heidisql"/>
      <Scaled Value="True"/>
      <UseAppBundle Value="False"/>
      <ResourceType Value="res"/>
      <UseXPManifest Value="True"/>
      <XPManifest>
        <DpiAware Value="True/PM_V2"/>
        <LongPathAware Value="True"/>
        <AnsiUTF8 Value="True"/>
        <TextName Value="HeidiSQL"/>
        <TextDesc Value="A lightweight, fast and flexible interface to MySQL"/>
      </XPManifest>
      <Icon Value="0"/>
    </General>
    <i18n>
      <OutDir Value="po_files"/>
    </i18n>
    <VersionInfo>
      <UseVersionInfo Value="True"/>
      <MajorVersionNr Value="12"/>
      <MinorVersionNr Value="15"/>
      <RevisionNr Value="1"/>
      <BuildNr Value="1"/>
    </VersionInfo>
    <BuildModes>
      <Item Name="Default" Default="True"/>
      <Item Name="Debug">
        <CompilerOptions>
          <Version Value="11"/>
          <PathDelim Value="\"/>
          <Target>
            <Filename Value="out\heidisql"/>
          </Target>
          <SearchPaths>
            <IncludeFiles Value="$(ProjOutDir);source"/>
            <OtherUnitFiles Value="source;source\metadarkstyle\src"/>
            <UnitOutputDirectory Value="bin\lib\$(TargetCPU)-$(TargetOS)"/>
          </SearchPaths>
          <Parsing>
            <SyntaxOptions>
              <IncludeAssertionCode Value="True"/>
            </SyntaxOptions>
          </Parsing>
          <CodeGeneration>
            <Checks>
              <IOChecks Value="True"/>
              <RangeChecks Value="True"/>
              <OverflowChecks Value="True"/>
              <StackChecks Value="True"/>
            </Checks>
            <VerifyObjMethodCallValidity Value="True"/>
          </CodeGeneration>
          <Linking>
            <Debugging>
              <DebugInfoType Value="dsDwarf3"/>
              <UseHeaptrc Value="True"/>
              <TrashVariables Value="True"/>
              <UseExternalDbgSyms Value="True"/>
            </Debugging>
            <Options>
              <PassLinkerOptions Value="True"/>
              <LinkerOptions Value="-rpath @loader_path\..\Frameworks"/>
              <Win32>
                <GraphicApplication Value="True"/>
              </Win32>
            </Options>
          </Linking>
          <Other>
            <CompilerMessages>
              <IgnoredMessages idx6058="True" idx5071="True" idx5062="True" idx5024="True" idx4104="True" idx4046="True" idx3177="True" idx3175="True"/>
            </CompilerMessages>
          </Other>
        </CompilerOptions>
      </Item>
      <Item Name="Release">
        <CompilerOptions>
          <Version Value="11"/>
          <PathDelim Value="\"/>
          <Target>
            <Filename Value="out\heidisql"/>
          </Target>
          <SearchPaths>
            <IncludeFiles Value="$(ProjOutDir);source"/>
            <OtherUnitFiles Value="source;source\metadarkstyle\src"/>
            <UnitOutputDirectory Value="bin\lib\$(TargetCPU)-$(TargetOS)"/>
          </SearchPaths>
          <Conditionals Value="// example for adding linker options on Mac OS X
//if TargetOS=&apos;darwin&apos; then
//  LinkerOptions := &apos; -framework OpenGL&apos;;
if TargetOS=&apos;darwin&apos; then
  CustomOptions := &apos;-WM10.15&apos;;

// example for adding a unit and include path on Windows
//if SrcOS=&apos;win&apos; then begin
//  UnitPath += &apos;;win&apos;;
//  IncPath += &apos;;win&apos;;
//end;"/>
          <CodeGeneration>
            <SmartLinkUnit Value="True"/>
            <Optimizations>
              <OptimizationLevel Value="3"/>
            </Optimizations>
          </CodeGeneration>
          <Linking>
            <Debugging>
              <RunWithoutDebug Value="True"/>
            </Debugging>
            <LinkSmart Value="True"/>
            <Options>
              <PassLinkerOptions Value="True"/>
              <LinkerOptions Value="-rpath @loader_path\..\Frameworks"/>
              <Win32>
                <GraphicApplication Value="True"/>
              </Win32>
            </Options>
          </Linking>
          <Other>
            <CompilerMessages>
              <IgnoredMessages idx6058="True" idx5071="True" idx5062="True" idx5024="True" idx4104="True" idx4046="True" idx3177="True" idx3175="True"/>
            </CompilerMessages>
          </Other>
        </CompilerOptions>
      </Item>
    </BuildModes>
    <PublishOptions>
      <Version Value="2"/>
      <UseFileFilters Value="True"/>
    </PublishOptions>
    <RunParams>
      <FormatVersion Value="2"/>
      <Modes>
        <Mode Name="default">
          <environment>
            <UserOverrides Count="1">
              <Variable0 Name="DYLD_LIBRARY_PATH" Value="$Path($(OutputFile))"/>
            </UserOverrides>
          </environment>
        </Mode>
      </Modes>
    </RunParams>
    <RequiredPackages>
      <Item>
        <PackageName Value="DateTimeCtrlsDsgn"/>
      </Item>
      <Item>
        <PackageName Value="DateTimeCtrls"/>
      </Item>
      <Item>
        <PackageName Value="Printer4Lazarus"/>
      </Item>
      <Item>
        <PackageName Value="laz.virtualtreeview_package"/>
      </Item>
      <Item>
        <PackageName Value="SynEditDsgn"/>
      </Item>
      <Item>
        <PackageName Value="SynEdit"/>
      </Item>
      <Item>
        <PackageName Value="LCL"/>
      </Item>
    </RequiredPackages>
    <Units>
      <Unit>
        <Filename Value="heidisql.lpr"/>
        <IsPartOfProject Value="True"/>
      </Unit>
      <Unit>
        <Filename Value="source\main.pas"/>
        <IsPartOfProject Value="True"/>
        <ComponentName Value="MainForm"/>
        <HasResources Value="True"/>
        <ResourceBaseClass Value="Form"/>
      </Unit>
      <Unit>
        <Filename Value="source\apphelpers.pas"/>
        <IsPartOfProject Value="True"/>
      </Unit>
      <Unit>
        <Filename Value="source\dbconnection.pas"/>
        <IsPartOfProject Value="True"/>
      </Unit>
      <Unit>
        <Filename Value="source\dbstructures.pas"/>
        <IsPartOfProject Value="True"/>
      </Unit>
      <Unit>
        <Filename Value="source\dbstructures.mysql.pas"/>
        <IsPartOfProject Value="True"/>
      </Unit>
      <Unit>
        <Filename Value="source\about.pas"/>
        <IsPartOfProject Value="True"/>
        <ComponentName Value="AboutBox"/>
        <HasResources Value="True"/>
        <ResourceBaseClass Value="Form"/>
        <UnitName Value="About"/>
      </Unit>
      <Unit>
        <Filename Value="source\generic_types.pas"/>
        <IsPartOfProject Value="True"/>
      </Unit>
      <Unit>
        <Filename Value="source\dbstructures.interbase.pas"/>
        <IsPartOfProject Value="True"/>
      </Unit>
      <Unit>
        <Filename Value="source\dbstructures.mssql.pas"/>
        <IsPartOfProject Value="True"/>
      </Unit>
      <Unit>
        <Filename Value="source\dbstructures.postgresql.pas"/>
        <IsPartOfProject Value="True"/>
      </Unit>
      <Unit>
        <Filename Value="source\dbstructures.sqlite.pas"/>
        <IsPartOfProject Value="True"/>
      </Unit>
      <Unit>
        <Filename Value="source\loginform.pas"/>
        <IsPartOfProject Value="True"/>
        <ComponentName Value="frmLogin"/>
        <HasResources Value="True"/>
        <ResourceBaseClass Value="Form"/>
      </Unit>
      <Unit>
        <Filename Value="source\change_password.pas"/>
        <IsPartOfProject Value="True"/>
        <ComponentName Value="frmPasswordChange"/>
        <HasResources Value="True"/>
        <ResourceBaseClass Value="Form"/>
      </Unit>
      <Unit>
        <Filename Value="source\const.inc"/>
        <IsPartOfProject Value="True"/>
      </Unit>
      <Unit>
        <Filename Value="source\printlist.pas"/>
        <IsPartOfProject Value="True"/>
        <ComponentName Value="printlistForm"/>
        <HasResources Value="True"/>
        <ResourceBaseClass Value="Form"/>
      </Unit>
      <Unit>
        <Filename Value="source\data_sorting.pas"/>
        <IsPartOfProject Value="True"/>
        <ComponentName Value="frmDataSorting"/>
        <HasResources Value="True"/>
        <ResourceBaseClass Value="Form"/>
      </Unit>
      <Unit>
        <Filename Value="source\extra_controls.pas"/>
        <IsPartOfProject Value="True"/>
      </Unit>
      <Unit>
        <Filename Value="source\column_selection.pas"/>
        <IsPartOfProject Value="True"/>
        <ComponentName Value="frmColumnSelection"/>
        <HasResources Value="True"/>
        <ResourceBaseClass Value="Form"/>
      </Unit>
      <Unit>
        <Filename Value="source\loaddata.pas"/>
        <IsPartOfProject Value="True"/>
        <ComponentName Value="loaddataform"/>
        <HasResources Value="True"/>
        <ResourceBaseClass Value="Form"/>
      </Unit>
      <Unit>
        <Filename Value="source\csv_detector.pas"/>
        <IsPartOfProject Value="True"/>
        <ComponentName Value="frmCsvDetector"/>
        <HasResources Value="True"/>
        <ResourceBaseClass Value="Form"/>
      </Unit>
      <Unit>
        <Filename Value="source\createdatabase.pas"/>
        <IsPartOfProject Value="True"/>
        <ComponentName Value="CreateDatabaseForm"/>
        <HasResources Value="True"/>
        <ResourceBaseClass Value="Form"/>
      </Unit>
      <Unit>
        <Filename Value="source\editvar.pas"/>
        <IsPartOfProject Value="True"/>
        <ComponentName Value="frmEditVariable"/>
        <HasResources Value="True"/>
        <ResourceBaseClass Value="Form"/>
      </Unit>
      <Unit>
        <Filename Value="source\copytable.pas"/>
        <IsPartOfProject Value="True"/>
        <ComponentName Value="CopyTableForm"/>
        <HasResources Value="True"/>
        <ResourceBaseClass Value="Form"/>
      </Unit>
      <Unit>
        <Filename Value="source\exportgrid.pas"/>
        <IsPartOfProject Value="True"/>
        <ComponentName Value="frmExportGrid"/>
        <HasResources Value="True"/>
        <ResourceBaseClass Value="Form"/>
      </Unit>
      <Unit>
        <Filename Value="source\usermanager.pas"/>
        <IsPartOfProject Value="True"/>
        <ComponentName Value="UserManagerForm"/>
        <HasResources Value="True"/>
        <ResourceBaseClass Value="Form"/>
      </Unit>
      <Unit>
        <Filename Value="source\selectdbobject.pas"/>
        <IsPartOfProject Value="True"/>
        <ComponentName Value="frmSelectDBObject"/>
        <HasResources Value="True"/>
        <ResourceBaseClass Value="Form"/>
      </Unit>
      <Unit>
        <Filename Value="source\reformatter.pas"/>
        <IsPartOfProject Value="True"/>
        <ComponentName Value="frmReformatter"/>
        <HasResources Value="True"/>
        <ResourceBaseClass Value="Form"/>
      </Unit>
      <Unit>
        <Filename Value="source\searchreplace.pas"/>
        <IsPartOfProject Value="True"/>
        <ComponentName Value="frmSearchReplace"/>
        <HasResources Value="True"/>
        <ResourceBaseClass Value="Form"/>
      </Unit>
      <Unit>
        <Filename Value="source\connections.pas"/>
        <IsPartOfProject Value="True"/>
        <ComponentName Value="connform"/>
        <HasResources Value="True"/>
        <ResourceBaseClass Value="Form"/>
      </Unit>
      <Unit>
        <Filename Value="source\jsonregistry.pas"/>
        <IsPartOfProject Value="True"/>
      </Unit>
      <Unit>
        <Filename Value="source\sqlhelp.pas"/>
        <IsPartOfProject Value="True"/>
        <ComponentName Value="frmSQLhelp"/>
        <HasResources Value="True"/>
        <ResourceBaseClass Value="Form"/>
      </Unit>
      <Unit>
        <Filename Value="source\updatecheck.pas"/>
        <IsPartOfProject Value="True"/>
        <ComponentName Value="frmUpdateCheck"/>
        <HasResources Value="True"/>
        <ResourceBaseClass Value="Form"/>
      </Unit>
      <Unit>
        <Filename Value="source\insertfiles.pas"/>
        <IsPartOfProject Value="True"/>
        <ComponentName Value="frmInsertFiles"/>
        <HasResources Value="True"/>
        <ResourceBaseClass Value="Form"/>
      </Unit>
      <Unit>
        <Filename Value="source\texteditor.pas"/>
        <IsPartOfProject Value="True"/>
        <ComponentName Value="frmTextEditor"/>
        <HasResources Value="True"/>
        <ResourceBaseClass Value="Form"/>
      </Unit>
      <Unit>
        <Filename Value="source\customize_highlighter.pas"/>
        <IsPartOfProject Value="True"/>
        <ComponentName Value="frmCustomizeHighlighter"/>
        <HasResources Value="True"/>
        <ResourceBaseClass Value="Form"/>
      </Unit>
      <Unit>
        <Filename Value="source\preferences.pas"/>
        <IsPartOfProject Value="True"/>
        <ComponentName Value="frmPreferences"/>
        <HasResources Value="True"/>
        <ResourceBaseClass Value="Form"/>
      </Unit>
      <Unit>
        <Filename Value="source\table_editor.pas"/>
        <IsPartOfProject Value="True"/>
        <ComponentName Value="frmTableEditor"/>
        <HasResources Value="True"/>
        <ResourceBaseClass Value="Frame"/>
      </Unit>
      <Unit>
        <Filename Value="source\view.pas"/>
        <IsPartOfProject Value="True"/>
        <ComponentName Value="frmView"/>
        <HasResources Value="True"/>
        <ResourceBaseClass Value="Frame"/>
      </Unit>
      <Unit>
        <Filename Value="source\routine_editor.pas"/>
        <IsPartOfProject Value="True"/>
        <ComponentName Value="frmRoutineEditor"/>
        <HasResources Value="True"/>
        <ResourceBaseClass Value="Frame"/>
      </Unit>
      <Unit>
        <Filename Value="source\trigger_editor.pas"/>
        <IsPartOfProject Value="True"/>
        <ComponentName Value="frmTriggerEditor"/>
        <HasResources Value="True"/>
        <ResourceBaseClass Value="Frame"/>
      </Unit>
      <Unit>
        <Filename Value="source\event_editor.pas"/>
        <IsPartOfProject Value="True"/>
        <ComponentName Value="frmEventEditor"/>
        <HasResources Value="True"/>
        <ResourceBaseClass Value="Frame"/>
      </Unit>
      <Unit>
        <Filename Value="source\tabletools.pas"/>
        <IsPartOfProject Value="True"/>
        <ComponentName Value="frmTableTools"/>
        <HasResources Value="True"/>
        <ResourceBaseClass Value="Form"/>
      </Unit>
      <Unit>
        <Filename Value="source\bineditor.pas"/>
        <IsPartOfProject Value="True"/>
        <ComponentName Value="frmBinEditor"/>
        <HasResources Value="True"/>
        <ResourceBaseClass Value="Form"/>
      </Unit>
      <Unit>
        <Filename Value="source\grideditlinks.pas"/>
        <IsPartOfProject Value="True"/>
      </Unit>
      <Unit>
        <Filename Value="source\lazaruscompat.pas"/>
        <IsPartOfProject Value="True"/>
      </Unit>
      <Unit>
        <Filename Value="source\crashdialog.pas"/>
        <IsPartOfProject Value="True"/>
        <ComponentName Value="frmCrashDialog"/>
        <HasResources Value="True"/>
        <ResourceBaseClass Value="Form"/>
      </Unit>
      <Unit>
        <Filename Value="source\extfiledialog.pas"/>
        <IsPartOfProject Value="True"/>
        <ComponentName Value="frmExtFileDialog"/>
        <HasResources Value="True"/>
        <ResourceBaseClass Value="Form"/>
      </Unit>
      <Unit>
        <Filename Value="source\vktable.pas"/>
        <IsPartOfProject Value="True"/>
      </Unit>
    </Units>
  </ProjectOptions>
  <CompilerOptions>
    <Version Value="11"/>
    <PathDelim Value="\"/>
    <Target>
      <Filename Value="out\heidisql"/>
    </Target>
    <SearchPaths>
      <IncludeFiles Value="$(ProjOutDir);source"/>
      <OtherUnitFiles Value="source;source\metadarkstyle\src"/>
      <UnitOutputDirectory Value="bin\lib\$(TargetCPU)-$(TargetOS)"/>
    </SearchPaths>
    <Conditionals Value="// example for adding linker options on Mac OS X
//if TargetOS=&apos;darwin&apos; then
//  LinkerOptions := &apos; -framework OpenGL&apos;;
if TargetOS=&apos;darwin&apos; then
  CustomOptions := &apos;-WM10.15&apos;;

// example for adding a unit and include path on Windows
//if SrcOS=&apos;win&apos; then begin
//  UnitPath += &apos;;win&apos;;
//  IncPath += &apos;;win&apos;;
//end;"/>
    <Linking>
      <Debugging>
        <DebugInfoType Value="dsDwarf3"/>
      </Debugging>
      <Options>
        <PassLinkerOptions Value="True"/>
        <LinkerOptions Value="-rpath @loader_path\..\Frameworks"/>
        <Win32>
          <GraphicApplication Value="True"/>
        </Win32>
      </Options>
    </Linking>
    <Other>
      <CompilerMessages>
        <IgnoredMessages idx6058="True" idx5071="True" idx5062="True" idx5024="True" idx4104="True" idx4046="True" idx3177="True" idx3175="True"/>
      </CompilerMessages>
    </Other>
  </CompilerOptions>
  <Debugging>
    <Exceptions>
      <Item>
        <Name Value="EAbort"/>
      </Item>
      <Item>
        <Name Value="ECodetoolError"/>
      </Item>
      <Item>
        <Name Value="EFOpenError"/>
      </Item>
    </Exceptions>
  </Debugging>
</CONFIG>
