<Project xmlns="http://schemas.microsoft.com/developer/msbuild/2003">
    <PropertyGroup>
        <Base>True</Base>
        <AppType>Package</AppType>
        <Config Condition="'$(Config)'==''">Release</Config>
        <DCC_DCCCompiler>DCC32</DCC_DCCCompiler>
        <FrameworkType>VCL</FrameworkType>
        <MainSource>VirtualTreesR.dpk</MainSource>
        <Platform Condition="'$(Platform)'==''">Win64</Platform>
        <ProjectGuid>{B62F3689-96E1-47D5-9FB2-2A2718281FDB}</ProjectGuid>
        <ProjectVersion>20.3</ProjectVersion>
        <TargetedPlatforms>3</TargetedPlatforms>
        <ProjectName Condition="'$(ProjectName)'==''">VirtualTreesR</ProjectName>
    </PropertyGroup>
    <PropertyGroup Condition="'$(Config)'=='Base' or '$(Base)'!=''">
        <Base>true</Base>
    </PropertyGroup>
    <PropertyGroup Condition="('$(Platform)'=='Win32' and '$(Base)'=='true') or '$(Base_Win32)'!=''">
        <Base_Win32>true</Base_Win32>
        <CfgParent>Base</CfgParent>
        <Base>true</Base>
    </PropertyGroup>
    <PropertyGroup Condition="('$(Platform)'=='Win64x' and '$(Base)'=='true') or '$(Base_Win64x)'!=''">
        <Base_Win64x>true</Base_Win64x>
        <CfgParent>Base</CfgParent>
        <Base>true</Base>
    </PropertyGroup>
    <PropertyGroup Condition="'$(Config)'=='Release' or '$(Cfg_1)'!=''">
        <Cfg_1>true</Cfg_1>
        <CfgParent>Base</CfgParent>
        <Base>true</Base>
    </PropertyGroup>
    <PropertyGroup Condition="'$(Config)'=='Debug' or '$(Cfg_2)'!=''">
        <Cfg_2>true</Cfg_2>
        <CfgParent>Base</CfgParent>
        <Base>true</Base>
    </PropertyGroup>
    <PropertyGroup Condition="'$(Base)'!=''">
        <SanitizedProjectName>VirtualTreesR</SanitizedProjectName>
        <DCC_CBuilderOutput>All</DCC_CBuilderOutput>
        <DCC_DcuOutput>.\$(Platform)\$(Config)</DCC_DcuOutput>
        <DCC_HppOutput>..\..\Source</DCC_HppOutput>
        <DCC_ImageBase>00400000</DCC_ImageBase>
        <DCC_Namespace>System;Xml;Data;Datasnap;Web;Soap;Vcl;Vcl.Imaging;Vcl.Touch;Vcl.Samples;Vcl.Shell;$(DCC_Namespace)</DCC_Namespace>
        <DCC_OutputNeverBuildDcps>true</DCC_OutputNeverBuildDcps>
        <DCC_UnitSearchPath>..\..\source;.\$(Platform)\$(Config);$(DCC_UnitSearchPath)</DCC_UnitSearchPath>
        <DllSuffix>$(Auto)</DllSuffix>
        <GenDll>true</GenDll>
        <GenPackage>true</GenPackage>
        <RuntimeOnlyPackage>true</RuntimeOnlyPackage>
        <VerInfo_Keys>CompanyName=;FileDescription=;FileVersion=1.0.0.0;InternalName=;LegalCopyright=;LegalTrademarks=;OriginalFilename=;ProductName=;ProductVersion=1.0.0.0;Comments=</VerInfo_Keys>
        <VerInfo_Locale>1053</VerInfo_Locale>
    </PropertyGroup>
    <PropertyGroup Condition="'$(Base_Win32)'!=''">
        <DCC_Namespace>Winapi;System.Win;Data.Win;Datasnap.Win;Web.Win;Soap.Win;Xml.Win;Bde;$(DCC_Namespace)</DCC_Namespace>
    </PropertyGroup>
    <PropertyGroup Condition="'$(Base_Win64x)'!=''">
        <DCC_Namespace>Winapi;System.Win;Data.Win;Datasnap.Win;Web.Win;Soap.Win;Xml.Win;$(DCC_Namespace)</DCC_Namespace>
        <BT_BuildType>Debug</BT_BuildType>
        <VerInfo_IncludeVerInfo>true</VerInfo_IncludeVerInfo>
        <VerInfo_Keys>CompanyName=;FileDescription=$(MSBuildProjectName);FileVersion=1.0.0.0;InternalName=;LegalCopyright=;LegalTrademarks=;OriginalFilename=;ProgramID=com.embarcadero.$(MSBuildProjectName);ProductName=$(MSBuildProjectName);ProductVersion=1.0.0.0;Comments=</VerInfo_Keys>
        <VerInfo_Locale>1033</VerInfo_Locale>
    </PropertyGroup>
    <PropertyGroup Condition="'$(Cfg_1)'!=''">
        <DCC_DebugInformation>0</DCC_DebugInformation>
        <DCC_Define>RELEASE;$(DCC_Define)</DCC_Define>
        <DCC_LocalDebugSymbols>false</DCC_LocalDebugSymbols>
        <DCC_SymbolReferenceInfo>0</DCC_SymbolReferenceInfo>
    </PropertyGroup>
    <PropertyGroup Condition="'$(Cfg_2)'!=''">
        <DCC_Define>DEBUG;$(DCC_Define)</DCC_Define>
        <DCC_GenerateStackFrames>true</DCC_GenerateStackFrames>
        <DCC_Optimize>false</DCC_Optimize>
    </PropertyGroup>
    <ItemGroup>
        <DelphiCompile Include="$(MainSource)">
            <MainSource>MainSource</MainSource>
        </DelphiCompile>
        <DCCReference Include="vcl.dcp"/>
        <DCCReference Include="vclx.dcp"/>
        <DCCReference Include="..\..\Source\VirtualTrees.Accessibility.pas"/>
        <DCCReference Include="..\..\Source\VirtualTrees.AccessibilityFactory.pas"/>
        <DCCReference Include="..\..\Source\VirtualTrees.Actions.pas"/>
        <DCCReference Include="..\..\Source\VirtualTrees.Classes.pas"/>
        <DCCReference Include="..\..\Source\VirtualTrees.ClipBoard.pas"/>
        <DCCReference Include="..\..\Source\VirtualTrees.Colors.pas"/>
        <DCCReference Include="..\..\Source\VirtualTrees.DataObject.pas"/>
        <DCCReference Include="..\..\Source\VirtualTrees.DragImage.pas"/>
        <DCCReference Include="..\..\Source\VirtualTrees.DragnDrop.pas"/>
        <DCCReference Include="..\..\Source\VirtualTrees.DrawTree.pas"/>
        <DCCReference Include="..\..\Source\VirtualTrees.EditLink.pas"/>
        <DCCReference Include="..\..\Source\VirtualTrees.Export.pas"/>
        <DCCReference Include="..\..\Source\VirtualTrees.Header.pas"/>
        <DCCReference Include="..\..\Source\VirtualTrees.HeaderPopup.pas"/>
        <DCCReference Include="..\..\source\VirtualTrees.pas"/>
        <DCCReference Include="..\..\source\VirtualTrees.BaseTree.pas"/>
        <DCCReference Include="..\..\source\VirtualTrees.AncestorVCL.pas"/>
        <DCCReference Include="..\..\source\VirtualTrees.BaseAncestorVCL.pas"/>
        <DCCReference Include="..\..\Source\VirtualTrees.StyleHooks.pas"/>
        <DCCReference Include="..\..\Source\VirtualTrees.Types.pas"/>
        <DCCReference Include="..\..\Source\VirtualTrees.Utils.pas"/>
        <DCCReference Include="..\..\Source\VirtualTrees.WorkerThread.pas"/>
        <BuildConfiguration Include="Base">
            <Key>Base</Key>
        </BuildConfiguration>
        <BuildConfiguration Include="Release">
            <Key>Cfg_1</Key>
            <CfgParent>Base</CfgParent>
        </BuildConfiguration>
        <BuildConfiguration Include="Debug">
            <Key>Cfg_2</Key>
            <CfgParent>Base</CfgParent>
        </BuildConfiguration>
    </ItemGroup>
    <ProjectExtensions>
        <Borland.Personality>Delphi.Personality.12</Borland.Personality>
        <Borland.ProjectType>Package</Borland.ProjectType>
        <BorlandProject>
            <Delphi.Personality>
                <Source>
                    <Source Name="MainSource">VirtualTreesR.dpk</Source>
                </Source>
                <Excluded_Packages>
                    <Excluded_Packages Name="$(BDSBIN)\dcloffice2k290.bpl">Microsoft Office 2000 Beispiele für gekapselte Komponenten für Automatisierungsserver</Excluded_Packages>
                    <Excluded_Packages Name="$(BDSBIN)\dclofficexp290.bpl">Microsoft Office XP Beispiele für gekapselte Komponenten für Automation Server</Excluded_Packages>
                </Excluded_Packages>
                <VersionInfo>
                    <VersionInfo Name="IncludeVerInfo">True</VersionInfo>
                    <VersionInfo Name="AutoIncBuild">False</VersionInfo>
                    <VersionInfo Name="MajorVer">1</VersionInfo>
                    <VersionInfo Name="MinorVer">0</VersionInfo>
                    <VersionInfo Name="Release">0</VersionInfo>
                    <VersionInfo Name="Build">0</VersionInfo>
                    <VersionInfo Name="Debug">False</VersionInfo>
                    <VersionInfo Name="PreRelease">False</VersionInfo>
                    <VersionInfo Name="Special">False</VersionInfo>
                    <VersionInfo Name="Private">False</VersionInfo>
                    <VersionInfo Name="DLL">False</VersionInfo>
                    <VersionInfo Name="Locale">1053</VersionInfo>
                    <VersionInfo Name="CodePage">1252</VersionInfo>
                </VersionInfo>
                <VersionInfoKeys>
                    <VersionInfoKeys Name="CompanyName"/>
                    <VersionInfoKeys Name="FileDescription"/>
                    <VersionInfoKeys Name="FileVersion">1.0.0.0</VersionInfoKeys>
                    <VersionInfoKeys Name="InternalName"/>
                    <VersionInfoKeys Name="LegalCopyright"/>
                    <VersionInfoKeys Name="LegalTrademarks"/>
                    <VersionInfoKeys Name="OriginalFilename"/>
                    <VersionInfoKeys Name="ProductName"/>
                    <VersionInfoKeys Name="ProductVersion">1.0.0.0</VersionInfoKeys>
                    <VersionInfoKeys Name="Comments"/>
                </VersionInfoKeys>
            </Delphi.Personality>
            <Platforms>
                <Platform value="Win32">True</Platform>
                <Platform value="Win64">True</Platform>
                <Platform value="Win64x">False</Platform>
            </Platforms>
        </BorlandProject>
        <ProjectFileVersion>12</ProjectFileVersion>
    </ProjectExtensions>
    <Import Condition="Exists('$(BDS)\Bin\CodeGear.Delphi.Targets')" Project="$(BDS)\Bin\CodeGear.Delphi.Targets"/>
    <Import Condition="Exists('$(APPDATA)\Embarcadero\$(BDSAPPDATABASEDIR)\$(PRODUCTVERSION)\UserTools.proj')" Project="$(APPDATA)\Embarcadero\$(BDSAPPDATABASEDIR)\$(PRODUCTVERSION)\UserTools.proj"/>
    <Import Project="$(MSBuildProjectName).deployproj" Condition="Exists('$(MSBuildProjectName).deployproj')"/>
</Project>
