<Project xmlns="http://schemas.microsoft.com/developer/msbuild/2003">
    <PropertyGroup>
        <ProjectGuid>{0B99D52D-E87E-4E6E-A53E-DD727D4A0EBA}</ProjectGuid>
        <MainSource>detours.dpk</MainSource>
        <ProjectVersion>15.3</ProjectVersion>
        <FrameworkType>None</FrameworkType>
        <Base>True</Base>
        <Config Condition="'$(Config)'==''">Release</Config>
        <Platform Condition="'$(Platform)'==''">Win64</Platform>
        <TargetedPlatforms>3</TargetedPlatforms>
        <AppType>Package</AppType>
    </PropertyGroup>
    <PropertyGroup Condition="'$(Config)'=='Base' or '$(Base)'!=''">
        <Base>true</Base>
    </PropertyGroup>
    <PropertyGroup Condition="('$(Platform)'=='Win32' and '$(Base)'=='true') or '$(Base_Win32)'!=''">
        <Base_Win32>true</Base_Win32>
        <CfgParent>Base</CfgParent>
        <Base>true</Base>
    </PropertyGroup>
    <PropertyGroup Condition="('$(Platform)'=='Win64' and '$(Base)'=='true') or '$(Base_Win64)'!=''">
        <Base_Win64>true</Base_Win64>
        <CfgParent>Base</CfgParent>
        <Base>true</Base>
    </PropertyGroup>
    <PropertyGroup Condition="'$(Config)'=='Debug' or '$(Cfg_1)'!=''">
        <Cfg_1>true</Cfg_1>
        <CfgParent>Base</CfgParent>
        <Base>true</Base>
    </PropertyGroup>
    <PropertyGroup Condition="('$(Platform)'=='Win32' and '$(Cfg_1)'=='true') or '$(Cfg_1_Win32)'!=''">
        <Cfg_1_Win32>true</Cfg_1_Win32>
        <CfgParent>Cfg_1</CfgParent>
        <Cfg_1>true</Cfg_1>
        <Base>true</Base>
    </PropertyGroup>
    <PropertyGroup Condition="'$(Config)'=='Release' or '$(Cfg_2)'!=''">
        <Cfg_2>true</Cfg_2>
        <CfgParent>Base</CfgParent>
        <Base>true</Base>
    </PropertyGroup>
    <PropertyGroup Condition="'$(Base)'!=''">
        <VerInfo_Locale>1031</VerInfo_Locale>
        <DCC_CBuilderOutput>All</DCC_CBuilderOutput>
        <DCC_Namespace>System;Xml;Data;Datasnap;Web;Soap;$(DCC_Namespace)</DCC_Namespace>
        <GenPackage>true</GenPackage>
        <GenDll>true</GenDll>
        <DCC_DcuOutput>..\..\build\$(Platform)</DCC_DcuOutput>
        <DCC_ExeOutput>.\$(Platform)\$(Config)</DCC_ExeOutput>
    </PropertyGroup>
    <PropertyGroup Condition="'$(Base_Win32)'!=''">
        <DCC_Namespace>Winapi;System.Win;Data.Win;Datasnap.Win;Web.Win;Soap.Win;Xml.Win;Bde;$(DCC_Namespace)</DCC_Namespace>
        <VerInfo_IncludeVerInfo>true</VerInfo_IncludeVerInfo>
        <VerInfo_Keys>CompanyName=;FileDescription=;FileVersion=1.0.0.0;InternalName=;LegalCopyright=;LegalTrademarks=;OriginalFilename=;ProductName=;ProductVersion=1.0.0.0;Comments=</VerInfo_Keys>
        <VerInfo_Locale>1033</VerInfo_Locale>
    </PropertyGroup>
    <PropertyGroup Condition="'$(Base_Win64)'!=''">
        <DCC_Namespace>Winapi;System.Win;Data.Win;Datasnap.Win;Web.Win;Soap.Win;Xml.Win;$(DCC_Namespace)</DCC_Namespace>
        <VerInfo_IncludeVerInfo>true</VerInfo_IncludeVerInfo>
        <VerInfo_Keys>CompanyName=;FileDescription=;FileVersion=1.0.0.0;InternalName=;LegalCopyright=;LegalTrademarks=;OriginalFilename=;ProductName=;ProductVersion=1.0.0.0;Comments=</VerInfo_Keys>
        <VerInfo_Locale>1033</VerInfo_Locale>
    </PropertyGroup>
    <PropertyGroup Condition="'$(Cfg_1)'!=''">
        <DCC_Define>DEBUG;$(DCC_Define)</DCC_Define>
        <DCC_DebugDCUs>true</DCC_DebugDCUs>
        <DCC_Optimize>false</DCC_Optimize>
        <DCC_GenerateStackFrames>true</DCC_GenerateStackFrames>
        <DCC_DebugInfoInExe>true</DCC_DebugInfoInExe>
        <DCC_RemoteDebug>true</DCC_RemoteDebug>
    </PropertyGroup>
    <PropertyGroup Condition="'$(Cfg_1_Win32)'!=''">
        <DCC_RemoteDebug>false</DCC_RemoteDebug>
    </PropertyGroup>
    <PropertyGroup Condition="'$(Cfg_2)'!=''">
        <DCC_LocalDebugSymbols>false</DCC_LocalDebugSymbols>
        <DCC_Define>RELEASE;$(DCC_Define)</DCC_Define>
        <DCC_SymbolReferenceInfo>0</DCC_SymbolReferenceInfo>
        <DCC_DebugInformation>0</DCC_DebugInformation>
    </PropertyGroup>
    <ItemGroup>
        <DelphiCompile Include="$(MainSource)">
            <MainSource>MainSource</MainSource>
        </DelphiCompile>
        <DCCReference Include="rtl.dcp"/>
        <DCCReference Include="..\..\Source\CPUID.pas"/>
        <DCCReference Include="..\..\Source\DDetours.pas"/>
        <DCCReference Include="..\..\Source\InstDecode.pas"/>
        <BuildConfiguration Include="Release">
            <Key>Cfg_2</Key>
            <CfgParent>Base</CfgParent>
        </BuildConfiguration>
        <BuildConfiguration Include="Base">
            <Key>Base</Key>
        </BuildConfiguration>
        <BuildConfiguration Include="Debug">
            <Key>Cfg_1</Key>
            <CfgParent>Base</CfgParent>
        </BuildConfiguration>
    </ItemGroup>
    <ProjectExtensions>
        <Borland.Personality>Delphi.Personality.12</Borland.Personality>
        <Borland.ProjectType>Package</Borland.ProjectType>
        <BorlandProject>
            <Delphi.Personality>
                <VersionInfo>
                    <VersionInfo Name="IncludeVerInfo">True</VersionInfo>
                    <VersionInfo Name="AutoIncBuild">False</VersionInfo>
                    <VersionInfo Name="MajorVer">1</VersionInfo>
                    <VersionInfo Name="MinorVer">0</VersionInfo>
                    <VersionInfo Name="Release">0</VersionInfo>
                    <VersionInfo Name="Build">0</VersionInfo>
                    <VersionInfo Name="Debug">False</VersionInfo>
                    <VersionInfo Name="PreRelease">False</VersionInfo>
                    <VersionInfo Name="Special">False</VersionInfo>
                    <VersionInfo Name="Private">False</VersionInfo>
                    <VersionInfo Name="DLL">False</VersionInfo>
                    <VersionInfo Name="Locale">1031</VersionInfo>
                    <VersionInfo Name="CodePage">1252</VersionInfo>
                </VersionInfo>
                <VersionInfoKeys>
                    <VersionInfoKeys Name="CompanyName"/>
                    <VersionInfoKeys Name="FileDescription"/>
                    <VersionInfoKeys Name="FileVersion">1.0.0.0</VersionInfoKeys>
                    <VersionInfoKeys Name="InternalName"/>
                    <VersionInfoKeys Name="LegalCopyright"/>
                    <VersionInfoKeys Name="LegalTrademarks"/>
                    <VersionInfoKeys Name="OriginalFilename"/>
                    <VersionInfoKeys Name="ProductName"/>
                    <VersionInfoKeys Name="ProductVersion">1.0.0.0</VersionInfoKeys>
                    <VersionInfoKeys Name="Comments"/>
                    <VersionInfoKeys Name="CFBundleName"/>
                    <VersionInfoKeys Name="CFBundleDisplayName"/>
                    <VersionInfoKeys Name="UIDeviceFamily"/>
                    <VersionInfoKeys Name="CFBundleIdentifier"/>
                    <VersionInfoKeys Name="CFBundleVersion"/>
                    <VersionInfoKeys Name="CFBundlePackageType"/>
                    <VersionInfoKeys Name="CFBundleSignature"/>
                    <VersionInfoKeys Name="CFBundleAllowMixedLocalizations"/>
                    <VersionInfoKeys Name="UISupportedInterfaceOrientations"/>
                    <VersionInfoKeys Name="CFBundleExecutable"/>
                    <VersionInfoKeys Name="CFBundleResourceSpecification"/>
                    <VersionInfoKeys Name="LSRequiresIPhoneOS"/>
                    <VersionInfoKeys Name="CFBundleInfoDictionaryVersion"/>
                    <VersionInfoKeys Name="CFBundleDevelopmentRegion"/>
                    <VersionInfoKeys Name="package"/>
                    <VersionInfoKeys Name="label"/>
                    <VersionInfoKeys Name="versionCode"/>
                    <VersionInfoKeys Name="versionName"/>
                    <VersionInfoKeys Name="persistent"/>
                    <VersionInfoKeys Name="restoreAnyVersion"/>
                    <VersionInfoKeys Name="installLocation"/>
                    <VersionInfoKeys Name="largeHeap"/>
                    <VersionInfoKeys Name="theme"/>
                </VersionInfoKeys>
                <Excluded_Packages>
                    <Excluded_Packages Name="$(BDSBIN)\dcloffice2k190.bpl">Microsoft Office 2000 Beispiele für gekapselte Komponenten für Automatisierungsserver</Excluded_Packages>
                    <Excluded_Packages Name="$(BDSBIN)\dclofficexp190.bpl">Microsoft Office XP Beispiele für gekapselte Komponenten für Automation Server</Excluded_Packages>
                </Excluded_Packages>
                <Source>
                    <Source Name="MainSource">detours.dpk</Source>
                </Source>
            </Delphi.Personality>
            <Deployment/>
            <Platforms>
                <Platform value="Win32">True</Platform>
                <Platform value="Win64">True</Platform>
            </Platforms>
        </BorlandProject>
        <ProjectFileVersion>12</ProjectFileVersion>
    </ProjectExtensions>
    <Import Project="$(BDS)\Bin\CodeGear.Delphi.Targets" Condition="Exists('$(BDS)\Bin\CodeGear.Delphi.Targets')"/>
    <Import Project="$(APPDATA)\Embarcadero\$(BDSAPPDATABASEDIR)\$(PRODUCTVERSION)\UserTools.proj" Condition="Exists('$(APPDATA)\Embarcadero\$(BDSAPPDATABASEDIR)\$(PRODUCTVERSION)\UserTools.proj')"/>
</Project>
